// !$*UTF8*$!
{
	archiveVersion = 1;
	classes = {
	};
	objectVersion = 46;
	objects = {

/* Begin PBXBuildFile section */
		4EF4B94419F2F5E40012BFB6 /* AppDelegate.swift in Sources */ = {isa = PBXBuildFile; fileRef = 4EF4B94319F2F5E40012BFB6 /* AppDelegate.swift */; };
		4EF4B94619F2F5E40012BFB6 /* RootViewController.swift in Sources */ = {isa = PBXBuildFile; fileRef = 4EF4B94519F2F5E40012BFB6 /* RootViewController.swift */; };
		4EF4B94B19F2F5E40012BFB6 /* Images.xcassets in Resources */ = {isa = PBXBuildFile; fileRef = 4EF4B94A19F2F5E40012BFB6 /* Images.xcassets */; };
		4EF4B94E19F2F5E40012BFB6 /* LaunchScreen.xib in Resources */ = {isa = PBXBuildFile; fileRef = 4EF4B94C19F2F5E40012BFB6 /* LaunchScreen.xib */; };
		4EF4B95A19F2F5E40012BFB6 /* SlangTests.swift in Sources */ = {isa = PBXBuildFile; fileRef = 4EF4B95919F2F5E40012BFB6 /* SlangTests.swift */; };
		4EF4B96619F2FD1E0012BFB6 /* FiraSans-Regular.otf in Resources */ = {isa = PBXBuildFile; fileRef = 4EF4B96519F2FD1E0012BFB6 /* FiraSans-Regular.otf */; };
		4EF4B96919F305100012BFB6 /* SLBlankLineTableViewCell.swift in Sources */ = {isa = PBXBuildFile; fileRef = 4EF4B96819F305100012BFB6 /* SLBlankLineTableViewCell.swift */; };
		4EF4B96B19F30E600012BFB6 /* SLVariableTableViewCell.swift in Sources */ = {isa = PBXBuildFile; fileRef = 4EF4B96A19F30E600012BFB6 /* SLVariableTableViewCell.swift */; };
/* End PBXBuildFile section */

/* Begin PBXContainerItemProxy section */
		4EF4B95419F2F5E40012BFB6 /* PBXContainerItemProxy */ = {
			isa = PBXContainerItemProxy;
			containerPortal = 4EF4B93619F2F5E40012BFB6 /* Project object */;
			proxyType = 1;
			remoteGlobalIDString = 4EF4B93D19F2F5E40012BFB6;
			remoteInfo = Slang;
		};
/* End PBXContainerItemProxy section */

/* Begin PBXFileReference section */
		4EF4B93E19F2F5E40012BFB6 /* Slang.app */ = {isa = PBXFileReference; explicitFileType = wrapper.application; includeInIndex = 0; path = Slang.app; sourceTree = BUILT_PRODUCTS_DIR; };
		4EF4B94219F2F5E40012BFB6 /* Info.plist */ = {isa = PBXFileReference; lastKnownFileType = text.plist.xml; path = Info.plist; sourceTree = "<group>"; };
		4EF4B94319F2F5E40012BFB6 /* AppDelegate.swift */ = {isa = PBXFileReference; lastKnownFileType = sourcecode.swift; path = AppDelegate.swift; sourceTree = "<group>"; };
		4EF4B94519F2F5E40012BFB6 /* RootViewController.swift */ = {isa = PBXFileReference; lastKnownFileType = sourcecode.swift; path = RootViewController.swift; sourceTree = "<group>"; };
		4EF4B94A19F2F5E40012BFB6 /* Images.xcassets */ = {isa = PBXFileReference; lastKnownFileType = folder.assetcatalog; path = Images.xcassets; sourceTree = "<group>"; };
		4EF4B94D19F2F5E40012BFB6 /* Base */ = {isa = PBXFileReference; lastKnownFileType = file.xib; name = Base; path = Base.lproj/LaunchScreen.xib; sourceTree = "<group>"; };
		4EF4B95319F2F5E40012BFB6 /* SlangTests.xctest */ = {isa = PBXFileReference; explicitFileType = wrapper.cfbundle; includeInIndex = 0; path = SlangTests.xctest; sourceTree = BUILT_PRODUCTS_DIR; };
		4EF4B95819F2F5E40012BFB6 /* Info.plist */ = {isa = PBXFileReference; lastKnownFileType = text.plist.xml; path = Info.plist; sourceTree = "<group>"; };
		4EF4B95919F2F5E40012BFB6 /* SlangTests.swift */ = {isa = PBXFileReference; lastKnownFileType = sourcecode.swift; path = SlangTests.swift; sourceTree = "<group>"; };
		4EF4B96519F2FD1E0012BFB6 /* FiraSans-Regular.otf */ = {isa = PBXFileReference; lastKnownFileType = file; path = "FiraSans-Regular.otf"; sourceTree = "<group>"; };
		4EF4B96819F305100012BFB6 /* SLBlankLineTableViewCell.swift */ = {isa = PBXFileReference; fileEncoding = 4; lastKnownFileType = sourcecode.swift; path = SLBlankLineTableViewCell.swift; sourceTree = "<group>"; };
		4EF4B96A19F30E600012BFB6 /* SLVariableTableViewCell.swift */ = {isa = PBXFileReference; fileEncoding = 4; lastKnownFileType = sourcecode.swift; path = SLVariableTableViewCell.swift; sourceTree = "<group>"; };
/* End PBXFileReference section */

/* Begin PBXFrameworksBuildPhase section */
		4EF4B93B19F2F5E40012BFB6 /* Frameworks */ = {
			isa = PBXFrameworksBuildPhase;
			buildActionMask = 2147483647;
			files = (
			);
			runOnlyForDeploymentPostprocessing = 0;
		};
		4EF4B95019F2F5E40012BFB6 /* Frameworks */ = {
			isa = PBXFrameworksBuildPhase;
			buildActionMask = 2147483647;
			files = (
			);
			runOnlyForDeploymentPostprocessing = 0;
		};
/* End PBXFrameworksBuildPhase section */

/* Begin PBXGroup section */
		4EF4B93519F2F5E40012BFB6 = {
			isa = PBXGroup;
			children = (
				4EF4B94019F2F5E40012BFB6 /* Slang */,
				4EF4B95619F2F5E40012BFB6 /* SlangTests */,
				4EF4B93F19F2F5E40012BFB6 /* Products */,
			);
			sourceTree = "<group>";
		};
		4EF4B93F19F2F5E40012BFB6 /* Products */ = {
			isa = PBXGroup;
			children = (
				4EF4B93E19F2F5E40012BFB6 /* Slang.app */,
				4EF4B95319F2F5E40012BFB6 /* SlangTests.xctest */,
			);
			name = Products;
			sourceTree = "<group>";
		};
		4EF4B94019F2F5E40012BFB6 /* Slang */ = {
			isa = PBXGroup;
			children = (
				4EF4B94319F2F5E40012BFB6 /* AppDelegate.swift */,
				4EF4B94519F2F5E40012BFB6 /* RootViewController.swift */,
				4EF4B96719F3049E0012BFB6 /* Views */,
				4EF4B94A19F2F5E40012BFB6 /* Images.xcassets */,
				4EF4B94C19F2F5E40012BFB6 /* LaunchScreen.xib */,
				4EF4B96319F2FB3C0012BFB6 /* Resources */,
				4EF4B94119F2F5E40012BFB6 /* Supporting Files */,
			);
			path = Slang;
			sourceTree = "<group>";
		};
		4EF4B94119F2F5E40012BFB6 /* Supporting Files */ = {
			isa = PBXGroup;
			children = (
				4EF4B94219F2F5E40012BFB6 /* Info.plist */,
			);
			name = "Supporting Files";
			sourceTree = "<group>";
		};
		4EF4B95619F2F5E40012BFB6 /* SlangTests */ = {
			isa = PBXGroup;
			children = (
				4EF4B95919F2F5E40012BFB6 /* SlangTests.swift */,
				4EF4B95719F2F5E40012BFB6 /* Supporting Files */,
			);
			path = SlangTests;
			sourceTree = "<group>";
		};
		4EF4B95719F2F5E40012BFB6 /* Supporting Files */ = {
			isa = PBXGroup;
			children = (
				4EF4B95819F2F5E40012BFB6 /* Info.plist */,
			);
			name = "Supporting Files";
			sourceTree = "<group>";
		};
		4EF4B96319F2FB3C0012BFB6 /* Resources */ = {
			isa = PBXGroup;
			children = (
				4EF4B96419F2FB470012BFB6 /* Fonts */,
			);
			name = Resources;
			sourceTree = "<group>";
		};
		4EF4B96419F2FB470012BFB6 /* Fonts */ = {
			isa = PBXGroup;
			children = (
				4EF4B96519F2FD1E0012BFB6 /* FiraSans-Regular.otf */,
			);
			name = Fonts;
			sourceTree = "<group>";
		};
		4EF4B96719F3049E0012BFB6 /* Views */ = {
			isa = PBXGroup;
			children = (
				4EF4B96819F305100012BFB6 /* SLBlankLineTableViewCell.swift */,
				4EF4B96A19F30E600012BFB6 /* SLVariableTableViewCell.swift */,
			);
			name = Views;
			sourceTree = "<group>";
		};
/* End PBXGroup section */

/* Begin PBXNativeTarget section */
		4EF4B93D19F2F5E40012BFB6 /* Slang */ = {
			isa = PBXNativeTarget;
			buildConfigurationList = 4EF4B95D19F2F5E40012BFB6 /* Build configuration list for PBXNativeTarget "Slang" */;
			buildPhases = (
				4EF4B93A19F2F5E40012BFB6 /* Sources */,
				4EF4B93B19F2F5E40012BFB6 /* Frameworks */,
				4EF4B93C19F2F5E40012BFB6 /* Resources */,
			);
			buildRules = (
			);
			dependencies = (
			);
			name = Slang;
			productName = Slang;
			productReference = 4EF4B93E19F2F5E40012BFB6 /* Slang.app */;
			productType = "com.apple.product-type.application";
		};
		4EF4B95219F2F5E40012BFB6 /* SlangTests */ = {
			isa = PBXNativeTarget;
			buildConfigurationList = 4EF4B96019F2F5E40012BFB6 /* Build configuration list for PBXNativeTarget "SlangTests" */;
			buildPhases = (
				4EF4B94F19F2F5E40012BFB6 /* Sources */,
				4EF4B95019F2F5E40012BFB6 /* Frameworks */,
				4EF4B95119F2F5E40012BFB6 /* Resources */,
			);
			buildRules = (
			);
			dependencies = (
				4EF4B95519F2F5E40012BFB6 /* PBXTargetDependency */,
			);
			name = SlangTests;
			productName = SlangTests;
			productReference = 4EF4B95319F2F5E40012BFB6 /* SlangTests.xctest */;
			productType = "com.apple.product-type.bundle.unit-test";
		};
/* End PBXNativeTarget section */

/* Begin PBXProject section */
		4EF4B93619F2F5E40012BFB6 /* Project object */ = {
			isa = PBXProject;
			attributes = {
				LastUpgradeCheck = 0600;
				ORGANIZATIONNAME = "Tosin Afolabi";
				TargetAttributes = {
					4EF4B93D19F2F5E40012BFB6 = {
						CreatedOnToolsVersion = 6.0;
					};
					4EF4B95219F2F5E40012BFB6 = {
						CreatedOnToolsVersion = 6.0;
						TestTargetID = 4EF4B93D19F2F5E40012BFB6;
					};
				};
			};
			buildConfigurationList = 4EF4B93919F2F5E40012BFB6 /* Build configuration list for PBXProject "Slang" */;
			compatibilityVersion = "Xcode 3.2";
			developmentRegion = English;
			hasScannedForEncodings = 0;
			knownRegions = (
				en,
				Base,
			);
			mainGroup = 4EF4B93519F2F5E40012BFB6;
			productRefGroup = 4EF4B93F19F2F5E40012BFB6 /* Products */;
			projectDirPath = "";
			projectRoot = "";
			targets = (
				4EF4B93D19F2F5E40012BFB6 /* Slang */,
				4EF4B95219F2F5E40012BFB6 /* SlangTests */,
			);
		};
/* End PBXProject section */

/* Begin PBXResourcesBuildPhase section */
		4EF4B93C19F2F5E40012BFB6 /* Resources */ = {
			isa = PBXResourcesBuildPhase;
			buildActionMask = 2147483647;
			files = (
				4EF4B94E19F2F5E40012BFB6 /* LaunchScreen.xib in Resources */,
				4EF4B96619F2FD1E0012BFB6 /* FiraSans-Regular.otf in Resources */,
				4EF4B94B19F2F5E40012BFB6 /* Images.xcassets in Resources */,
			);
			runOnlyForDeploymentPostprocessing = 0;
		};
		4EF4B95119F2F5E40012BFB6 /* Resources */ = {
			isa = PBXResourcesBuildPhase;
			buildActionMask = 2147483647;
			files = (
			);
			runOnlyForDeploymentPostprocessing = 0;
		};
/* End PBXResourcesBuildPhase section */

/* Begin PBXSourcesBuildPhase section */
		4EF4B93A19F2F5E40012BFB6 /* Sources */ = {
			isa = PBXSourcesBuildPhase;
			buildActionMask = 2147483647;
			files = (
				4EF4B96B19F30E600012BFB6 /* SLVariableTableViewCell.swift in Sources */,
				4EF4B94619F2F5E40012BFB6 /* RootViewController.swift in Sources */,
				4EF4B94419F2F5E40012BFB6 /* AppDelegate.swift in Sources */,
				4EF4B96919F305100012BFB6 /* SLBlankLineTableViewCell.swift in Sources */,
			);
			runOnlyForDeploymentPostprocessing = 0;
		};
		4EF4B94F19F2F5E40012BFB6 /* Sources */ = {
			isa = PBXSourcesBuildPhase;
			buildActionMask = 2147483647;
			files = (
				4EF4B95A19F2F5E40012BFB6 /* SlangTests.swift in Sources */,
			);
			runOnlyForDeploymentPostprocessing = 0;
		};
/* End PBXSourcesBuildPhase section */

/* Begin PBXTargetDependency section */
		4EF4B95519F2F5E40012BFB6 /* PBXTargetDependency */ = {
			isa = PBXTargetDependency;
			target = 4EF4B93D19F2F5E40012BFB6 /* Slang */;
			targetProxy = 4EF4B95419F2F5E40012BFB6 /* PBXContainerItemProxy */;
		};
/* End PBXTargetDependency section */

/* Begin PBXVariantGroup section */
		4EF4B94C19F2F5E40012BFB6 /* LaunchScreen.xib */ = {
			isa = PBXVariantGroup;
			children = (
				4EF4B94D19F2F5E40012BFB6 /* Base */,
			);
			name = LaunchScreen.xib;
			sourceTree = "<group>";
		};
/* End PBXVariantGroup section */

/* Begin XCBuildConfiguration section */
		4EF4B95B19F2F5E40012BFB6 /* Debug */ = {
			isa = XCBuildConfiguration;
			buildSettings = {
				ALWAYS_SEARCH_USER_PATHS = NO;
				CLANG_CXX_LANGUAGE_STANDARD = "gnu++0x";
				CLANG_CXX_LIBRARY = "libc++";
				CLANG_ENABLE_MODULES = YES;
				CLANG_ENABLE_OBJC_ARC = YES;
				CLANG_WARN_BOOL_CONVERSION = YES;
				CLANG_WARN_CONSTANT_CONVERSION = YES;
				CLANG_WARN_DIRECT_OBJC_ISA_USAGE = YES_ERROR;
				CLANG_WARN_EMPTY_BODY = YES;
				CLANG_WARN_ENUM_CONVERSION = YES;
				CLANG_WARN_INT_CONVERSION = YES;
				CLANG_WARN_OBJC_ROOT_CLASS = YES_ERROR;
				CLANG_WARN_UNREACHABLE_CODE = YES;
				CLANG_WARN__DUPLICATE_METHOD_MATCH = YES;
				"CODE_SIGN_IDENTITY[sdk=iphoneos*]" = "iPhone Developer";
				COPY_PHASE_STRIP = NO;
				ENABLE_STRICT_OBJC_MSGSEND = YES;
				GCC_C_LANGUAGE_STANDARD = gnu99;
				GCC_DYNAMIC_NO_PIC = NO;
				GCC_OPTIMIZATION_LEVEL = 0;
				GCC_PREPROCESSOR_DEFINITIONS = (
					"DEBUG=1",
					"$(inherited)",
				);
				GCC_SYMBOLS_PRIVATE_EXTERN = NO;
				GCC_WARN_64_TO_32_BIT_CONVERSION = YES;
				GCC_WARN_ABOUT_RETURN_TYPE = YES_ERROR;
				GCC_WARN_UNDECLARED_SELECTOR = YES;
				GCC_WARN_UNINITIALIZED_AUTOS = YES_AGGRESSIVE;
				GCC_WARN_UNUSED_FUNCTION = YES;
				GCC_WARN_UNUSED_VARIABLE = YES;
				IPHONEOS_DEPLOYMENT_TARGET = 8.0;
				MTL_ENABLE_DEBUG_INFO = YES;
				ONLY_ACTIVE_ARCH = YES;
				SDKROOT = iphoneos;
				SWIFT_OPTIMIZATION_LEVEL = "-Onone";
			};
			name = Debug;
		};
		4EF4B95C19F2F5E40012BFB6 /* Release */ = {
			isa = XCBuildConfiguration;
			buildSettings = {
				ALWAYS_SEARCH_USER_PATHS = NO;
				CLANG_CXX_LANGUAGE_STANDARD = "gnu++0x";
				CLANG_CXX_LIBRARY = "libc++";
				CLANG_ENABLE_MODULES = YES;
				CLANG_ENABLE_OBJC_ARC = YES;
				CLANG_WARN_BOOL_CONVERSION = YES;
				CLANG_WARN_CONSTANT_CONVERSION = YES;
				CLANG_WARN_DIRECT_OBJC_ISA_USAGE = YES_ERROR;
				CLANG_WARN_EMPTY_BODY = YES;
				CLANG_WARN_ENUM_CONVERSION = YES;
				CLANG_WARN_INT_CONVERSION = YES;
				CLANG_WARN_OBJC_ROOT_CLASS = YES_ERROR;
				CLANG_WARN_UNREACHABLE_CODE = YES;
				CLANG_WARN__DUPLICATE_METHOD_MATCH = YES;
				"CODE_SIGN_IDENTITY[sdk=iphoneos*]" = "iPhone Developer";
				COPY_PHASE_STRIP = YES;
				ENABLE_NS_ASSERTIONS = NO;
				ENABLE_STRICT_OBJC_MSGSEND = YES;
				GCC_C_LANGUAGE_STANDARD = gnu99;
				GCC_WARN_64_TO_32_BIT_CONVERSION = YES;
				GCC_WARN_ABOUT_RETURN_TYPE = YES_ERROR;
				GCC_WARN_UNDECLARED_SELECTOR = YES;
				GCC_WARN_UNINITIALIZED_AUTOS = YES_AGGRESSIVE;
				GCC_WARN_UNUSED_FUNCTION = YES;
				GCC_WARN_UNUSED_VARIABLE = YES;
				IPHONEOS_DEPLOYMENT_TARGET = 8.0;
				MTL_ENABLE_DEBUG_INFO = NO;
				SDKROOT = iphoneos;
				VALIDATE_PRODUCT = YES;
			};
			name = Release;
		};
		4EF4B95E19F2F5E40012BFB6 /* Debug */ = {
			isa = XCBuildConfiguration;
			buildSettings = {
				ASSETCATALOG_COMPILER_APPICON_NAME = AppIcon;
				ASSETCATALOG_COMPILER_LAUNCHIMAGE_NAME = LaunchImage;
				INFOPLIST_FILE = Slang/Info.plist;
				LD_RUNPATH_SEARCH_PATHS = "$(inherited) @executable_path/Frameworks";
				PRODUCT_NAME = "$(TARGET_NAME)";
			};
			name = Debug;
		};
		4EF4B95F19F2F5E40012BFB6 /* Release */ = {
			isa = XCBuildConfiguration;
			buildSettings = {
				ASSETCATALOG_COMPILER_APPICON_NAME = AppIcon;
				ASSETCATALOG_COMPILER_LAUNCHIMAGE_NAME = LaunchImage;
				INFOPLIST_FILE = Slang/Info.plist;
				LD_RUNPATH_SEARCH_PATHS = "$(inherited) @executable_path/Frameworks";
				PRODUCT_NAME = "$(TARGET_NAME)";
			};
			name = Release;
		};
		4EF4B96119F2F5E40012BFB6 /* Debug */ = {
			isa = XCBuildConfiguration;
			buildSettings = {
				BUNDLE_LOADER = "$(TEST_HOST)";
				FRAMEWORK_SEARCH_PATHS = (
					"$(SDKROOT)/Developer/Library/Frameworks",
					"$(inherited)",
				);
				GCC_PREPROCESSOR_DEFINITIONS = (
					"DEBUG=1",
					"$(inherited)",
				);
				INFOPLIST_FILE = SlangTests/Info.plist;
				LD_RUNPATH_SEARCH_PATHS = "$(inherited) @executable_path/Frameworks @loader_path/Frameworks";
				PRODUCT_NAME = "$(TARGET_NAME)";
				TEST_HOST = "$(BUILT_PRODUCTS_DIR)/Slang.app/Slang";
			};
			name = Debug;
		};
		4EF4B96219F2F5E40012BFB6 /* Release */ = {
			isa = XCBuildConfiguration;
			buildSettings = {
				BUNDLE_LOADER = "$(TEST_HOST)";
				FRAMEWORK_SEARCH_PATHS = (
					"$(SDKROOT)/Developer/Library/Frameworks",
					"$(inherited)",
				);
				INFOPLIST_FILE = SlangTests/Info.plist;
				LD_RUNPATH_SEARCH_PATHS = "$(inherited) @executable_path/Frameworks @loader_path/Frameworks";
				PRODUCT_NAME = "$(TARGET_NAME)";
				TEST_HOST = "$(BUILT_PRODUCTS_DIR)/Slang.app/Slang";
			};
			name = Release;
		};
/* End XCBuildConfiguration section */

/* Begin XCConfigurationList section */
		4EF4B93919F2F5E40012BFB6 /* Build configuration list for PBXProject "Slang" */ = {
			isa = XCConfigurationList;
			buildConfigurations = (
				4EF4B95B19F2F5E40012BFB6 /* Debug */,
				4EF4B95C19F2F5E40012BFB6 /* Release */,
			);
			defaultConfigurationIsVisible = 0;
			defaultConfigurationName = Release;
		};
		4EF4B95D19F2F5E40012BFB6 /* Build configuration list for PBXNativeTarget "Slang" */ = {
			isa = XCConfigurationList;
			buildConfigurations = (
				4EF4B95E19F2F5E40012BFB6 /* Debug */,
				4EF4B95F19F2F5E40012BFB6 /* Release */,
			);
			defaultConfigurationIsVisible = 0;
		};
		4EF4B96019F2F5E40012BFB6 /* Build configuration list for PBXNativeTarget "SlangTests" */ = {
			isa = XCConfigurationList;
			buildConfigurations = (
				4EF4B96119F2F5E40012BFB6 /* Debug */,
				4EF4B96219F2F5E40012BFB6 /* Release */,
			);
			defaultConfigurationIsVisible = 0;
		};
/* End XCConfigurationList section */
	};
	rootObject = 4EF4B93619F2F5E40012BFB6 /* Project object */;
}
